
Microsoft Visual Studio Solution File, Format Version 12.00
# Visual Studio Version 18
VisualStudioVersion = 18.3.11512.155 d18.3
MinimumVisualStudioVersion = 10.0.40219.1
Project("{9A19103F-16F7-4668-BE54-9A1E7A4F7556}") = "DEvahebLib", "DEvahebLib\DEvahebLib.csproj", "{DC030C2A-23C4-479A-B895-05B2DB1AE695}"
EndProject
Project("{9A19103F-16F7-4668-BE54-9A1E7A4F7556}") = "DEvaheb", "DEvaheb\DEvaheb.csproj", "{6522C33A-5CD0-41FB-A119-9C2E6E2E41DC}"
EndProject
Project("{FAE04EC0-301F-11D3-BF4B-00C04F79EFBC}") = "DEvahebLibTests", "DEvahebLibTests\DEvahebLibTests.csproj", "{B2A4193A-65BC-4373-9264-4B218ED2941F}"
EndProject
Global
	GlobalSection(SolutionConfigurationPlatforms) = preSolution
		Debug|Any CPU = Debug|Any CPU
		Release|Any CPU = Release|Any CPU
	EndGlobalSection
	GlobalSection(ProjectConfigurationPlatforms) = postSolution
		{DC030C2A-23C4-479A-B895-05B2DB1AE695}.Debug|Any CPU.ActiveCfg = Debug|Any CPU
		{DC030C2A-23C4-479A-B895-05B2DB1AE695}.Debug|Any CPU.Build.0 = Debug|Any CPU
		{DC030C2A-23C4-479A-B895-05B2DB1AE695}.Release|Any CPU.ActiveCfg = Release|Any CPU
		{DC030C2A-23C4-479A-B895-05B2DB1AE695}.Release|Any CPU.Build.0 = Release|Any CPU
		{6522C33A-5CD0-41FB-A119-9C2E6E2E41DC}.Debug|Any CPU.ActiveCfg = Debug|Any CPU
		{6522C33A-5CD0-41FB-A119-9C2E6E2E41DC}.Debug|Any CPU.Build.0 = Debug|Any CPU
		{6522C33A-5CD0-41FB-A119-9C2E6E2E41DC}.Release|Any CPU.ActiveCfg = Release|Any CPU
		{6522C33A-5CD0-41FB-A119-9C2E6E2E41DC}.Release|Any CPU.Build.0 = Release|Any CPU
		{B2A4193A-65BC-4373-9264-4B218ED2941F}.Debug|Any CPU.ActiveCfg = Debug|Any CPU
		{B2A4193A-65BC-4373-9264-4B218ED2941F}.Debug|Any CPU.Build.0 = Debug|Any CPU
		{B2A4193A-65BC-4373-9264-4B218ED2941F}.Release|Any CPU.ActiveCfg = Release|Any CPU
		{B2A4193A-65BC-4373-9264-4B218ED2941F}.Release|Any CPU.Build.0 = Release|Any CPU
	EndGlobalSection
	GlobalSection(SolutionProperties) = preSolution
		HideSolutionNode = FALSE
	EndGlobalSection
	GlobalSection(ExtensibilityGlobals) = postSolution
		SolutionGuid = {5DACFD5E-A4B6-4ED5-A17A-5A7F9DBE40C4}
	EndGlobalSection
EndGlobal
